
Microsoft Visual Studio Solution File, Format Version 12.00
# Visual Studio 2013
VisualStudioVersion = 12.0.21005.1
MinimumVisualStudioVersion = 10.0.40219.1
Project("{FAE04EC0-301F-11D3-BF4B-00C04F79EFBC}") = "Cars.Models", "Cars.Models\Cars.Models.csproj", "{038F6FD9-C93F-4B23-882E-F530FD16A1A3}"
EndProject
Project("{FAE04EC0-301F-11D3-BF4B-00C04F79EFBC}") = "Cars.Data", "Cars.Data\Cars.Data.csproj", "{D4F02FC2-C8B3-4A67-8B4E-289FEDFAF8D0}"
EndProject
Project("{FAE04EC0-301F-11D3-BF4B-00C04F79EFBC}") = "Cars.Client", "Cars.Client\Cars.Client.csproj", "{385D3EA4-6B8D-4B4F-AFD8-D0333AFE3697}"
EndProject
Global
	GlobalSection(SolutionConfigurationPlatforms) = preSolution
		Debug|Any CPU = Debug|Any CPU
		Release|Any CPU = Release|Any CPU
	EndGlobalSection
	GlobalSection(ProjectConfigurationPlatforms) = postSolution
		{038F6FD9-C93F-4B23-882E-F530FD16A1A3}.Debug|Any CPU.ActiveCfg = Debug|Any CPU
		{038F6FD9-C93F-4B23-882E-F530FD16A1A3}.Debug|Any CPU.Build.0 = Debug|Any CPU
		{038F6FD9-C93F-4B23-882E-F530FD16A1A3}.Release|Any CPU.ActiveCfg = Release|Any CPU
		{038F6FD9-C93F-4B23-882E-F530FD16A1A3}.Release|Any CPU.Build.0 = Release|Any CPU
		{D4F02FC2-C8B3-4A67-8B4E-289FEDFAF8D0}.Debug|Any CPU.ActiveCfg = Debug|Any CPU
		{D4F02FC2-C8B3-4A67-8B4E-289FEDFAF8D0}.Debug|Any CPU.Build.0 = Debug|Any CPU
		{D4F02FC2-C8B3-4A67-8B4E-289FEDFAF8D0}.Release|Any CPU.ActiveCfg = Release|Any CPU
		{D4F02FC2-C8B3-4A67-8B4E-289FEDFAF8D0}.Release|Any CPU.Build.0 = Release|Any CPU
		{385D3EA4-6B8D-4B4F-AFD8-D0333AFE3697}.Debug|Any CPU.ActiveCfg = Debug|Any CPU
		{385D3EA4-6B8D-4B4F-AFD8-D0333AFE3697}.Debug|Any CPU.Build.0 = Debug|Any CPU
		{385D3EA4-6B8D-4B4F-AFD8-D0333AFE3697}.Release|Any CPU.ActiveCfg = Release|Any CPU
		{385D3EA4-6B8D-4B4F-AFD8-D0333AFE3697}.Release|Any CPU.Build.0 = Release|Any CPU
	EndGlobalSection
	GlobalSection(SolutionProperties) = preSolution
		HideSolutionNode = FALSE
	EndGlobalSection
EndGlobal
