
Microsoft Visual Studio Solution File, Format Version 12.00
# Visual Studio 2013
VisualStudioVersion = 12.0.21005.1
MinimumVisualStudioVersion = 10.0.40219.1
Project("{FAE04EC0-301F-11D3-BF4B-00C04F79EFBC}") = "ATM.Models", "ATM.Models\ATM.Models.csproj", "{EA4CDBE4-16F3-4E3A-BFD9-77A8F4C7ED69}"
EndProject
Project("{FAE04EC0-301F-11D3-BF4B-00C04F79EFBC}") = "ATM.Data", "ATM.Data\ATM.Data.csproj", "{7CDA6224-7C9E-4782-9726-39129D9FBB7C}"
EndProject
Project("{FAE04EC0-301F-11D3-BF4B-00C04F79EFBC}") = "ATM.Client", "ATM.Client\ATM.Client.csproj", "{2F20A10C-E461-4B30-AE01-B8245823372A}"
EndProject
Global
	GlobalSection(SolutionConfigurationPlatforms) = preSolution
		Debug|Any CPU = Debug|Any CPU
		Release|Any CPU = Release|Any CPU
	EndGlobalSection
	GlobalSection(ProjectConfigurationPlatforms) = postSolution
		{EA4CDBE4-16F3-4E3A-BFD9-77A8F4C7ED69}.Debug|Any CPU.ActiveCfg = Debug|Any CPU
		{EA4CDBE4-16F3-4E3A-BFD9-77A8F4C7ED69}.Debug|Any CPU.Build.0 = Debug|Any CPU
		{EA4CDBE4-16F3-4E3A-BFD9-77A8F4C7ED69}.Release|Any CPU.ActiveCfg = Release|Any CPU
		{EA4CDBE4-16F3-4E3A-BFD9-77A8F4C7ED69}.Release|Any CPU.Build.0 = Release|Any CPU
		{7CDA6224-7C9E-4782-9726-39129D9FBB7C}.Debug|Any CPU.ActiveCfg = Debug|Any CPU
		{7CDA6224-7C9E-4782-9726-39129D9FBB7C}.Debug|Any CPU.Build.0 = Debug|Any CPU
		{7CDA6224-7C9E-4782-9726-39129D9FBB7C}.Release|Any CPU.ActiveCfg = Release|Any CPU
		{7CDA6224-7C9E-4782-9726-39129D9FBB7C}.Release|Any CPU.Build.0 = Release|Any CPU
		{2F20A10C-E461-4B30-AE01-B8245823372A}.Debug|Any CPU.ActiveCfg = Debug|Any CPU
		{2F20A10C-E461-4B30-AE01-B8245823372A}.Debug|Any CPU.Build.0 = Debug|Any CPU
		{2F20A10C-E461-4B30-AE01-B8245823372A}.Release|Any CPU.ActiveCfg = Release|Any CPU
		{2F20A10C-E461-4B30-AE01-B8245823372A}.Release|Any CPU.Build.0 = Release|Any CPU
	EndGlobalSection
	GlobalSection(SolutionProperties) = preSolution
		HideSolutionNode = FALSE
	EndGlobalSection
EndGlobal
