
Microsoft Visual Studio Solution File, Format Version 12.00
# Visual Studio 2013
VisualStudioVersion = 12.0.21005.1
MinimumVisualStudioVersion = 10.0.40219.1
Project("{2150E333-8FDC-42A3-9474-1A3956D46DE8}") = "Point3D", "Point3D", "{FB2AFF89-947A-4F0C-9DB8-5241FD969C30}"
EndProject
Project("{FAE04EC0-301F-11D3-BF4B-00C04F79EFBC}") = "Point3D", "Point3D\Point3D.csproj", "{99940AFA-1D6E-4158-B0D0-C64EEE696467}"
EndProject
Project("{FAE04EC0-301F-11D3-BF4B-00C04F79EFBC}") = "Library", "Library\Library.csproj", "{66AFD3F1-D42E-4F2A-B2C9-C4193AF92081}"
EndProject
Project("{2150E333-8FDC-42A3-9474-1A3956D46DE8}") = "Deque", "Deque", "{FF0432C1-A118-476B-AF8C-342759A8CFA3}"
EndProject
Project("{FAE04EC0-301F-11D3-BF4B-00C04F79EFBC}") = "Deque", "Deque\Deque.csproj", "{91D8C189-34F8-4C44-B4D0-5EB5F718A45B}"
EndProject
Project("{FAE04EC0-301F-11D3-BF4B-00C04F79EFBC}") = "Core", "Core\Core.csproj", "{A552CF99-79E2-4895-9F79-D8471F32E8EE}"
EndProject
Project("{2150E333-8FDC-42A3-9474-1A3956D46DE8}") = "Matrix", "Matrix", "{A6BB3520-8F37-445D-A932-CF4435B6AD0A}"
EndProject
Project("{FAE04EC0-301F-11D3-BF4B-00C04F79EFBC}") = "Matrix", "Matrix\Matrix.csproj", "{CD96D11D-75E5-427B-BAF9-F17E61A9F6A4}"
EndProject
Project("{FAE04EC0-301F-11D3-BF4B-00C04F79EFBC}") = "MatrixCore", "MatrixCore\MatrixCore.csproj", "{A6818502-E877-4E83-A429-F064FB781606}"
EndProject
Global
	GlobalSection(SolutionConfigurationPlatforms) = preSolution
		Debug|Any CPU = Debug|Any CPU
		Release|Any CPU = Release|Any CPU
	EndGlobalSection
	GlobalSection(ProjectConfigurationPlatforms) = postSolution
		{99940AFA-1D6E-4158-B0D0-C64EEE696467}.Debug|Any CPU.ActiveCfg = Debug|Any CPU
		{99940AFA-1D6E-4158-B0D0-C64EEE696467}.Debug|Any CPU.Build.0 = Debug|Any CPU
		{99940AFA-1D6E-4158-B0D0-C64EEE696467}.Release|Any CPU.ActiveCfg = Release|Any CPU
		{99940AFA-1D6E-4158-B0D0-C64EEE696467}.Release|Any CPU.Build.0 = Release|Any CPU
		{66AFD3F1-D42E-4F2A-B2C9-C4193AF92081}.Debug|Any CPU.ActiveCfg = Debug|Any CPU
		{66AFD3F1-D42E-4F2A-B2C9-C4193AF92081}.Debug|Any CPU.Build.0 = Debug|Any CPU
		{66AFD3F1-D42E-4F2A-B2C9-C4193AF92081}.Release|Any CPU.ActiveCfg = Release|Any CPU
		{66AFD3F1-D42E-4F2A-B2C9-C4193AF92081}.Release|Any CPU.Build.0 = Release|Any CPU
		{91D8C189-34F8-4C44-B4D0-5EB5F718A45B}.Debug|Any CPU.ActiveCfg = Debug|Any CPU
		{91D8C189-34F8-4C44-B4D0-5EB5F718A45B}.Debug|Any CPU.Build.0 = Debug|Any CPU
		{91D8C189-34F8-4C44-B4D0-5EB5F718A45B}.Release|Any CPU.ActiveCfg = Release|Any CPU
		{91D8C189-34F8-4C44-B4D0-5EB5F718A45B}.Release|Any CPU.Build.0 = Release|Any CPU
		{A552CF99-79E2-4895-9F79-D8471F32E8EE}.Debug|Any CPU.ActiveCfg = Debug|Any CPU
		{A552CF99-79E2-4895-9F79-D8471F32E8EE}.Debug|Any CPU.Build.0 = Debug|Any CPU
		{A552CF99-79E2-4895-9F79-D8471F32E8EE}.Release|Any CPU.ActiveCfg = Release|Any CPU
		{A552CF99-79E2-4895-9F79-D8471F32E8EE}.Release|Any CPU.Build.0 = Release|Any CPU
		{CD96D11D-75E5-427B-BAF9-F17E61A9F6A4}.Debug|Any CPU.ActiveCfg = Debug|Any CPU
		{CD96D11D-75E5-427B-BAF9-F17E61A9F6A4}.Debug|Any CPU.Build.0 = Debug|Any CPU
		{CD96D11D-75E5-427B-BAF9-F17E61A9F6A4}.Release|Any CPU.ActiveCfg = Release|Any CPU
		{CD96D11D-75E5-427B-BAF9-F17E61A9F6A4}.Release|Any CPU.Build.0 = Release|Any CPU
		{A6818502-E877-4E83-A429-F064FB781606}.Debug|Any CPU.ActiveCfg = Debug|Any CPU
		{A6818502-E877-4E83-A429-F064FB781606}.Debug|Any CPU.Build.0 = Debug|Any CPU
		{A6818502-E877-4E83-A429-F064FB781606}.Release|Any CPU.ActiveCfg = Release|Any CPU
		{A6818502-E877-4E83-A429-F064FB781606}.Release|Any CPU.Build.0 = Release|Any CPU
	EndGlobalSection
	GlobalSection(SolutionProperties) = preSolution
		HideSolutionNode = FALSE
	EndGlobalSection
	GlobalSection(NestedProjects) = preSolution
		{99940AFA-1D6E-4158-B0D0-C64EEE696467} = {FB2AFF89-947A-4F0C-9DB8-5241FD969C30}
		{66AFD3F1-D42E-4F2A-B2C9-C4193AF92081} = {FB2AFF89-947A-4F0C-9DB8-5241FD969C30}
		{91D8C189-34F8-4C44-B4D0-5EB5F718A45B} = {FF0432C1-A118-476B-AF8C-342759A8CFA3}
		{A552CF99-79E2-4895-9F79-D8471F32E8EE} = {FF0432C1-A118-476B-AF8C-342759A8CFA3}
		{CD96D11D-75E5-427B-BAF9-F17E61A9F6A4} = {A6BB3520-8F37-445D-A932-CF4435B6AD0A}
		{A6818502-E877-4E83-A429-F064FB781606} = {A6BB3520-8F37-445D-A932-CF4435B6AD0A}
	EndGlobalSection
EndGlobal
