
Microsoft Visual Studio Solution File, Format Version 12.00
# Visual Studio 2013
VisualStudioVersion = 12.0.21005.1
MinimumVisualStudioVersion = 10.0.40219.1
Project("{FAE04EC0-301F-11D3-BF4B-00C04F79EFBC}") = "01", "01\01.csproj", "{5E0ECAA1-949A-4C5C-A377-362860AC7760}"
EndProject
Project("{FAE04EC0-301F-11D3-BF4B-00C04F79EFBC}") = "03.Patterns", "03.Patterns\03.Patterns.csproj", "{8E17D84D-B65B-4D69-976A-1A10338367F1}"
EndProject
Project("{FAE04EC0-301F-11D3-BF4B-00C04F79EFBC}") = "SUCHDOGEWOW", "SUCHDOGEWOW\SUCHDOGEWOW.csproj", "{615FB6ED-6A90-4A96-8291-7E59988E5FDE}"
EndProject
Project("{FAE04EC0-301F-11D3-BF4B-00C04F79EFBC}") = "04.LAL", "04.LAL\04.LAL.csproj", "{61494A84-2048-47EF-A596-0739AF6248C9}"
EndProject
Global
	GlobalSection(SolutionConfigurationPlatforms) = preSolution
		Debug|Any CPU = Debug|Any CPU
		Release|Any CPU = Release|Any CPU
	EndGlobalSection
	GlobalSection(ProjectConfigurationPlatforms) = postSolution
		{5E0ECAA1-949A-4C5C-A377-362860AC7760}.Debug|Any CPU.ActiveCfg = Debug|Any CPU
		{5E0ECAA1-949A-4C5C-A377-362860AC7760}.Debug|Any CPU.Build.0 = Debug|Any CPU
		{5E0ECAA1-949A-4C5C-A377-362860AC7760}.Release|Any CPU.ActiveCfg = Release|Any CPU
		{5E0ECAA1-949A-4C5C-A377-362860AC7760}.Release|Any CPU.Build.0 = Release|Any CPU
		{8E17D84D-B65B-4D69-976A-1A10338367F1}.Debug|Any CPU.ActiveCfg = Debug|Any CPU
		{8E17D84D-B65B-4D69-976A-1A10338367F1}.Debug|Any CPU.Build.0 = Debug|Any CPU
		{8E17D84D-B65B-4D69-976A-1A10338367F1}.Release|Any CPU.ActiveCfg = Release|Any CPU
		{8E17D84D-B65B-4D69-976A-1A10338367F1}.Release|Any CPU.Build.0 = Release|Any CPU
		{615FB6ED-6A90-4A96-8291-7E59988E5FDE}.Debug|Any CPU.ActiveCfg = Debug|Any CPU
		{615FB6ED-6A90-4A96-8291-7E59988E5FDE}.Debug|Any CPU.Build.0 = Debug|Any CPU
		{615FB6ED-6A90-4A96-8291-7E59988E5FDE}.Release|Any CPU.ActiveCfg = Release|Any CPU
		{615FB6ED-6A90-4A96-8291-7E59988E5FDE}.Release|Any CPU.Build.0 = Release|Any CPU
		{61494A84-2048-47EF-A596-0739AF6248C9}.Debug|Any CPU.ActiveCfg = Debug|Any CPU
		{61494A84-2048-47EF-A596-0739AF6248C9}.Debug|Any CPU.Build.0 = Debug|Any CPU
		{61494A84-2048-47EF-A596-0739AF6248C9}.Release|Any CPU.ActiveCfg = Release|Any CPU
		{61494A84-2048-47EF-A596-0739AF6248C9}.Release|Any CPU.Build.0 = Release|Any CPU
	EndGlobalSection
	GlobalSection(SolutionProperties) = preSolution
		HideSolutionNode = FALSE
	EndGlobalSection
EndGlobal
