
Microsoft Visual Studio Solution File, Format Version 12.00
# Visual Studio 2013
VisualStudioVersion = 12.0.21005.1
MinimumVisualStudioVersion = 10.0.40219.1
Project("{FAE04EC0-301F-11D3-BF4B-00C04F79EFBC}") = "2.Secrets", "2.Secrets\2.Secrets.csproj", "{FA88433E-9AE0-459F-8835-8E3992A5B356}"
EndProject
Project("{FAE04EC0-301F-11D3-BF4B-00C04F79EFBC}") = "TEST", "TEST\TEST.csproj", "{8F7D62F2-85F1-402F-9D4A-D6C6DDE0DEAA}"
EndProject
Project("{FAE04EC0-301F-11D3-BF4B-00C04F79EFBC}") = "TEST2", "TEST2\TEST2.csproj", "{882D29B9-2016-41B3-A83B-73898F556515}"
EndProject
Project("{FAE04EC0-301F-11D3-BF4B-00C04F79EFBC}") = "testttt", "testttt\testttt.csproj", "{ED3F3490-21D2-4910-ACCD-BFAA9ECE209B}"
EndProject
Global
	GlobalSection(SolutionConfigurationPlatforms) = preSolution
		Debug|Any CPU = Debug|Any CPU
		Release|Any CPU = Release|Any CPU
	EndGlobalSection
	GlobalSection(ProjectConfigurationPlatforms) = postSolution
		{FA88433E-9AE0-459F-8835-8E3992A5B356}.Debug|Any CPU.ActiveCfg = Debug|Any CPU
		{FA88433E-9AE0-459F-8835-8E3992A5B356}.Debug|Any CPU.Build.0 = Debug|Any CPU
		{FA88433E-9AE0-459F-8835-8E3992A5B356}.Release|Any CPU.ActiveCfg = Release|Any CPU
		{FA88433E-9AE0-459F-8835-8E3992A5B356}.Release|Any CPU.Build.0 = Release|Any CPU
		{8F7D62F2-85F1-402F-9D4A-D6C6DDE0DEAA}.Debug|Any CPU.ActiveCfg = Debug|Any CPU
		{8F7D62F2-85F1-402F-9D4A-D6C6DDE0DEAA}.Debug|Any CPU.Build.0 = Debug|Any CPU
		{8F7D62F2-85F1-402F-9D4A-D6C6DDE0DEAA}.Release|Any CPU.ActiveCfg = Release|Any CPU
		{8F7D62F2-85F1-402F-9D4A-D6C6DDE0DEAA}.Release|Any CPU.Build.0 = Release|Any CPU
		{882D29B9-2016-41B3-A83B-73898F556515}.Debug|Any CPU.ActiveCfg = Debug|Any CPU
		{882D29B9-2016-41B3-A83B-73898F556515}.Debug|Any CPU.Build.0 = Debug|Any CPU
		{882D29B9-2016-41B3-A83B-73898F556515}.Release|Any CPU.ActiveCfg = Release|Any CPU
		{882D29B9-2016-41B3-A83B-73898F556515}.Release|Any CPU.Build.0 = Release|Any CPU
		{ED3F3490-21D2-4910-ACCD-BFAA9ECE209B}.Debug|Any CPU.ActiveCfg = Debug|Any CPU
		{ED3F3490-21D2-4910-ACCD-BFAA9ECE209B}.Debug|Any CPU.Build.0 = Debug|Any CPU
		{ED3F3490-21D2-4910-ACCD-BFAA9ECE209B}.Release|Any CPU.ActiveCfg = Release|Any CPU
		{ED3F3490-21D2-4910-ACCD-BFAA9ECE209B}.Release|Any CPU.Build.0 = Release|Any CPU
	EndGlobalSection
	GlobalSection(SolutionProperties) = preSolution
		HideSolutionNode = FALSE
	EndGlobalSection
EndGlobal
