
Microsoft Visual Studio Solution File, Format Version 12.00
# Visual Studio 2013
VisualStudioVersion = 12.0.21005.1
MinimumVisualStudioVersion = 10.0.40219.1
Project("{FAE04EC0-301F-11D3-BF4B-00C04F79EFBC}") = "Listy", "Listy\Listy.csproj", "{2A683B2F-F059-4B6B-9F61-4AFF39D774C1}"
EndProject
Project("{FAE04EC0-301F-11D3-BF4B-00C04F79EFBC}") = "maxSum", "maxSum\maxSum.csproj", "{009EAB92-A8B6-40D9-A1DB-B7F67C4A5F5E}"
EndProject
Project("{FAE04EC0-301F-11D3-BF4B-00C04F79EFBC}") = "LabEscape", "LabEscape\LabEscape.csproj", "{86025222-AAAF-46A6-830C-4345CCAE9917}"
EndProject
Project("{FAE04EC0-301F-11D3-BF4B-00C04F79EFBC}") = "Sequences", "Sequences\Sequences.csproj", "{AD24812C-14B0-48A8-97D5-4C9B9323F56D}"
EndProject
Project("{FAE04EC0-301F-11D3-BF4B-00C04F79EFBC}") = "JoroTheNaughty", "JoroTheNaughty\JoroTheNaughty.csproj", "{E6B54239-BF82-4B56-9132-8E28B8B8CB8C}"
EndProject
Global
	GlobalSection(SolutionConfigurationPlatforms) = preSolution
		Debug|Any CPU = Debug|Any CPU
		Release|Any CPU = Release|Any CPU
	EndGlobalSection
	GlobalSection(ProjectConfigurationPlatforms) = postSolution
		{2A683B2F-F059-4B6B-9F61-4AFF39D774C1}.Debug|Any CPU.ActiveCfg = Debug|Any CPU
		{2A683B2F-F059-4B6B-9F61-4AFF39D774C1}.Debug|Any CPU.Build.0 = Debug|Any CPU
		{2A683B2F-F059-4B6B-9F61-4AFF39D774C1}.Release|Any CPU.ActiveCfg = Release|Any CPU
		{2A683B2F-F059-4B6B-9F61-4AFF39D774C1}.Release|Any CPU.Build.0 = Release|Any CPU
		{009EAB92-A8B6-40D9-A1DB-B7F67C4A5F5E}.Debug|Any CPU.ActiveCfg = Debug|Any CPU
		{009EAB92-A8B6-40D9-A1DB-B7F67C4A5F5E}.Debug|Any CPU.Build.0 = Debug|Any CPU
		{009EAB92-A8B6-40D9-A1DB-B7F67C4A5F5E}.Release|Any CPU.ActiveCfg = Release|Any CPU
		{009EAB92-A8B6-40D9-A1DB-B7F67C4A5F5E}.Release|Any CPU.Build.0 = Release|Any CPU
		{86025222-AAAF-46A6-830C-4345CCAE9917}.Debug|Any CPU.ActiveCfg = Debug|Any CPU
		{86025222-AAAF-46A6-830C-4345CCAE9917}.Debug|Any CPU.Build.0 = Debug|Any CPU
		{86025222-AAAF-46A6-830C-4345CCAE9917}.Release|Any CPU.ActiveCfg = Release|Any CPU
		{86025222-AAAF-46A6-830C-4345CCAE9917}.Release|Any CPU.Build.0 = Release|Any CPU
		{AD24812C-14B0-48A8-97D5-4C9B9323F56D}.Debug|Any CPU.ActiveCfg = Debug|Any CPU
		{AD24812C-14B0-48A8-97D5-4C9B9323F56D}.Debug|Any CPU.Build.0 = Debug|Any CPU
		{AD24812C-14B0-48A8-97D5-4C9B9323F56D}.Release|Any CPU.ActiveCfg = Release|Any CPU
		{AD24812C-14B0-48A8-97D5-4C9B9323F56D}.Release|Any CPU.Build.0 = Release|Any CPU
		{E6B54239-BF82-4B56-9132-8E28B8B8CB8C}.Debug|Any CPU.ActiveCfg = Debug|Any CPU
		{E6B54239-BF82-4B56-9132-8E28B8B8CB8C}.Debug|Any CPU.Build.0 = Debug|Any CPU
		{E6B54239-BF82-4B56-9132-8E28B8B8CB8C}.Release|Any CPU.ActiveCfg = Release|Any CPU
		{E6B54239-BF82-4B56-9132-8E28B8B8CB8C}.Release|Any CPU.Build.0 = Release|Any CPU
	EndGlobalSection
	GlobalSection(SolutionProperties) = preSolution
		HideSolutionNode = FALSE
	EndGlobalSection
EndGlobal
