
Microsoft Visual Studio Solution File, Format Version 12.00
# Visual Studio 2013
VisualStudioVersion = 12.0.21005.1
MinimumVisualStudioVersion = 10.0.40219.1
Project("{FAE04EC0-301F-11D3-BF4B-00C04F79EFBC}") = "Carpets", "Carpets\Carpets.csproj", "{823D55F0-940B-4711-9567-1DB7EAEC3019}"
EndProject
Project("{FAE04EC0-301F-11D3-BF4B-00C04F79EFBC}") = "test", "test\test.csproj", "{DDD290CD-9643-489F-B13C-A08C80444854}"
EndProject
Global
	GlobalSection(SolutionConfigurationPlatforms) = preSolution
		Debug|Any CPU = Debug|Any CPU
		Release|Any CPU = Release|Any CPU
	EndGlobalSection
	GlobalSection(ProjectConfigurationPlatforms) = postSolution
		{823D55F0-940B-4711-9567-1DB7EAEC3019}.Debug|Any CPU.ActiveCfg = Debug|Any CPU
		{823D55F0-940B-4711-9567-1DB7EAEC3019}.Debug|Any CPU.Build.0 = Debug|Any CPU
		{823D55F0-940B-4711-9567-1DB7EAEC3019}.Release|Any CPU.ActiveCfg = Release|Any CPU
		{823D55F0-940B-4711-9567-1DB7EAEC3019}.Release|Any CPU.Build.0 = Release|Any CPU
		{DDD290CD-9643-489F-B13C-A08C80444854}.Debug|Any CPU.ActiveCfg = Debug|Any CPU
		{DDD290CD-9643-489F-B13C-A08C80444854}.Debug|Any CPU.Build.0 = Debug|Any CPU
		{DDD290CD-9643-489F-B13C-A08C80444854}.Release|Any CPU.ActiveCfg = Release|Any CPU
		{DDD290CD-9643-489F-B13C-A08C80444854}.Release|Any CPU.Build.0 = Release|Any CPU
	EndGlobalSection
	GlobalSection(SolutionProperties) = preSolution
		HideSolutionNode = FALSE
	EndGlobalSection
EndGlobal
