
Microsoft Visual Studio Solution File, Format Version 12.00
# Visual Studio 2013
VisualStudioVersion = 12.0.21005.1
MinimumVisualStudioVersion = 10.0.40219.1
Project("{FAE04EC0-301F-11D3-BF4B-00C04F79EFBC}") = "01.InitMultipliedBy5", "01.InitMultipliedBy5\01.InitMultipliedBy5.csproj", "{93704E3E-7D3E-45D8-85B3-E6472F831E82}"
EndProject
Project("{FAE04EC0-301F-11D3-BF4B-00C04F79EFBC}") = "02.CompareCharArrLexico", "02.CompareCharArrLexico\02.CompareCharArrLexico.csproj", "{1D3AC589-D0BD-4597-9852-C703B95E0884}"
EndProject
Project("{FAE04EC0-301F-11D3-BF4B-00C04F79EFBC}") = "03.GetMaxSequOfEqualElements", "03.GetMaxSequOfEqualElements\03.GetMaxSequOfEqualElements.csproj", "{E870E596-2087-40F0-984E-09CCB03FC849}"
EndProject
Project("{FAE04EC0-301F-11D3-BF4B-00C04F79EFBC}") = "04.GetMaxIncreaseSeq", "04.GetMaxIncreaseSeq\04.GetMaxIncreaseSeq.csproj", "{E037058F-95A0-444C-9543-CCD5E37FD618}"
EndProject
Project("{FAE04EC0-301F-11D3-BF4B-00C04F79EFBC}") = "05.SelectionSort", "05.SelectionSort\05.SelectionSort.csproj", "{6AD4618F-276D-412B-8D3B-98C86D914254}"
EndProject
Project("{FAE04EC0-301F-11D3-BF4B-00C04F79EFBC}") = "06.GetMostFrequentNumber", "06.GetMostFrequentNumber\06.GetMostFrequentNumber.csproj", "{AFD31294-C246-4F05-8A5B-BB5E7BB44278}"
EndProject
Project("{FAE04EC0-301F-11D3-BF4B-00C04F79EFBC}") = "07.BinarySearch", "07.BinarySearch\07.BinarySearch.csproj", "{9DBD840B-50A3-4EF6-86EB-D41DE2886C4F}"
EndProject
Global
	GlobalSection(SolutionConfigurationPlatforms) = preSolution
		Debug|Any CPU = Debug|Any CPU
		Release|Any CPU = Release|Any CPU
	EndGlobalSection
	GlobalSection(ProjectConfigurationPlatforms) = postSolution
		{93704E3E-7D3E-45D8-85B3-E6472F831E82}.Debug|Any CPU.ActiveCfg = Debug|Any CPU
		{93704E3E-7D3E-45D8-85B3-E6472F831E82}.Debug|Any CPU.Build.0 = Debug|Any CPU
		{93704E3E-7D3E-45D8-85B3-E6472F831E82}.Release|Any CPU.ActiveCfg = Release|Any CPU
		{93704E3E-7D3E-45D8-85B3-E6472F831E82}.Release|Any CPU.Build.0 = Release|Any CPU
		{1D3AC589-D0BD-4597-9852-C703B95E0884}.Debug|Any CPU.ActiveCfg = Debug|Any CPU
		{1D3AC589-D0BD-4597-9852-C703B95E0884}.Debug|Any CPU.Build.0 = Debug|Any CPU
		{1D3AC589-D0BD-4597-9852-C703B95E0884}.Release|Any CPU.ActiveCfg = Release|Any CPU
		{1D3AC589-D0BD-4597-9852-C703B95E0884}.Release|Any CPU.Build.0 = Release|Any CPU
		{E870E596-2087-40F0-984E-09CCB03FC849}.Debug|Any CPU.ActiveCfg = Debug|Any CPU
		{E870E596-2087-40F0-984E-09CCB03FC849}.Debug|Any CPU.Build.0 = Debug|Any CPU
		{E870E596-2087-40F0-984E-09CCB03FC849}.Release|Any CPU.ActiveCfg = Release|Any CPU
		{E870E596-2087-40F0-984E-09CCB03FC849}.Release|Any CPU.Build.0 = Release|Any CPU
		{E037058F-95A0-444C-9543-CCD5E37FD618}.Debug|Any CPU.ActiveCfg = Debug|Any CPU
		{E037058F-95A0-444C-9543-CCD5E37FD618}.Debug|Any CPU.Build.0 = Debug|Any CPU
		{E037058F-95A0-444C-9543-CCD5E37FD618}.Release|Any CPU.ActiveCfg = Release|Any CPU
		{E037058F-95A0-444C-9543-CCD5E37FD618}.Release|Any CPU.Build.0 = Release|Any CPU
		{6AD4618F-276D-412B-8D3B-98C86D914254}.Debug|Any CPU.ActiveCfg = Debug|Any CPU
		{6AD4618F-276D-412B-8D3B-98C86D914254}.Debug|Any CPU.Build.0 = Debug|Any CPU
		{6AD4618F-276D-412B-8D3B-98C86D914254}.Release|Any CPU.ActiveCfg = Release|Any CPU
		{6AD4618F-276D-412B-8D3B-98C86D914254}.Release|Any CPU.Build.0 = Release|Any CPU
		{AFD31294-C246-4F05-8A5B-BB5E7BB44278}.Debug|Any CPU.ActiveCfg = Debug|Any CPU
		{AFD31294-C246-4F05-8A5B-BB5E7BB44278}.Debug|Any CPU.Build.0 = Debug|Any CPU
		{AFD31294-C246-4F05-8A5B-BB5E7BB44278}.Release|Any CPU.ActiveCfg = Release|Any CPU
		{AFD31294-C246-4F05-8A5B-BB5E7BB44278}.Release|Any CPU.Build.0 = Release|Any CPU
		{9DBD840B-50A3-4EF6-86EB-D41DE2886C4F}.Debug|Any CPU.ActiveCfg = Debug|Any CPU
		{9DBD840B-50A3-4EF6-86EB-D41DE2886C4F}.Debug|Any CPU.Build.0 = Debug|Any CPU
		{9DBD840B-50A3-4EF6-86EB-D41DE2886C4F}.Release|Any CPU.ActiveCfg = Release|Any CPU
		{9DBD840B-50A3-4EF6-86EB-D41DE2886C4F}.Release|Any CPU.Build.0 = Release|Any CPU
	EndGlobalSection
	GlobalSection(SolutionProperties) = preSolution
		HideSolutionNode = FALSE
	EndGlobalSection
EndGlobal
