
Microsoft Visual Studio Solution File, Format Version 12.00
# Visual Studio 2013
VisualStudioVersion = 12.0.21005.1
MinimumVisualStudioVersion = 10.0.40219.1
Project("{FAE04EC0-301F-11D3-BF4B-00C04F79EFBC}") = "01.Shapes", "01.Shapes\01.Shapes.csproj", "{100646BD-C12E-4EB9-B57F-E02B812851D8}"
EndProject
Project("{FAE04EC0-301F-11D3-BF4B-00C04F79EFBC}") = "02.AttackMethod", "02.AttackMethod\02.AttackMethod.csproj", "{8A81A248-88B4-4952-AED5-C4A45D708FD7}"
EndProject
Project("{FAE04EC0-301F-11D3-BF4B-00C04F79EFBC}") = "03.DeepCopy", "03.DeepCopy\03.DeepCopy.csproj", "{5F0BE49E-27E6-4A02-96B6-21D0E42E60CF}"
EndProject
Project("{FAE04EC0-301F-11D3-BF4B-00C04F79EFBC}") = "04.CheckForProperty", "04.CheckForProperty\04.CheckForProperty.csproj", "{7DF73C69-BD4A-41B9-882C-B7E698369041}"
EndProject
Project("{FAE04EC0-301F-11D3-BF4B-00C04F79EFBC}") = "05.FindYoungestPerson", "05.FindYoungestPerson\05.FindYoungestPerson.csproj", "{45671698-F794-407F-9E86-3F33915550BA}"
EndProject
Project("{FAE04EC0-301F-11D3-BF4B-00C04F79EFBC}") = "06.Dictionary", "06.Dictionary\06.Dictionary.csproj", "{CAA58442-FC7A-4246-95B6-99F2C5B5DEAE}"
EndProject
Global
	GlobalSection(SolutionConfigurationPlatforms) = preSolution
		Debug|Any CPU = Debug|Any CPU
		Release|Any CPU = Release|Any CPU
	EndGlobalSection
	GlobalSection(ProjectConfigurationPlatforms) = postSolution
		{100646BD-C12E-4EB9-B57F-E02B812851D8}.Debug|Any CPU.ActiveCfg = Debug|Any CPU
		{100646BD-C12E-4EB9-B57F-E02B812851D8}.Debug|Any CPU.Build.0 = Debug|Any CPU
		{100646BD-C12E-4EB9-B57F-E02B812851D8}.Release|Any CPU.ActiveCfg = Release|Any CPU
		{100646BD-C12E-4EB9-B57F-E02B812851D8}.Release|Any CPU.Build.0 = Release|Any CPU
		{8A81A248-88B4-4952-AED5-C4A45D708FD7}.Debug|Any CPU.ActiveCfg = Debug|Any CPU
		{8A81A248-88B4-4952-AED5-C4A45D708FD7}.Debug|Any CPU.Build.0 = Debug|Any CPU
		{8A81A248-88B4-4952-AED5-C4A45D708FD7}.Release|Any CPU.ActiveCfg = Release|Any CPU
		{8A81A248-88B4-4952-AED5-C4A45D708FD7}.Release|Any CPU.Build.0 = Release|Any CPU
		{5F0BE49E-27E6-4A02-96B6-21D0E42E60CF}.Debug|Any CPU.ActiveCfg = Debug|Any CPU
		{5F0BE49E-27E6-4A02-96B6-21D0E42E60CF}.Debug|Any CPU.Build.0 = Debug|Any CPU
		{5F0BE49E-27E6-4A02-96B6-21D0E42E60CF}.Release|Any CPU.ActiveCfg = Release|Any CPU
		{5F0BE49E-27E6-4A02-96B6-21D0E42E60CF}.Release|Any CPU.Build.0 = Release|Any CPU
		{7DF73C69-BD4A-41B9-882C-B7E698369041}.Debug|Any CPU.ActiveCfg = Debug|Any CPU
		{7DF73C69-BD4A-41B9-882C-B7E698369041}.Debug|Any CPU.Build.0 = Debug|Any CPU
		{7DF73C69-BD4A-41B9-882C-B7E698369041}.Release|Any CPU.ActiveCfg = Release|Any CPU
		{7DF73C69-BD4A-41B9-882C-B7E698369041}.Release|Any CPU.Build.0 = Release|Any CPU
		{45671698-F794-407F-9E86-3F33915550BA}.Debug|Any CPU.ActiveCfg = Debug|Any CPU
		{45671698-F794-407F-9E86-3F33915550BA}.Debug|Any CPU.Build.0 = Debug|Any CPU
		{45671698-F794-407F-9E86-3F33915550BA}.Release|Any CPU.ActiveCfg = Release|Any CPU
		{45671698-F794-407F-9E86-3F33915550BA}.Release|Any CPU.Build.0 = Release|Any CPU
		{CAA58442-FC7A-4246-95B6-99F2C5B5DEAE}.Debug|Any CPU.ActiveCfg = Debug|Any CPU
		{CAA58442-FC7A-4246-95B6-99F2C5B5DEAE}.Debug|Any CPU.Build.0 = Debug|Any CPU
		{CAA58442-FC7A-4246-95B6-99F2C5B5DEAE}.Release|Any CPU.ActiveCfg = Release|Any CPU
		{CAA58442-FC7A-4246-95B6-99F2C5B5DEAE}.Release|Any CPU.Build.0 = Release|Any CPU
	EndGlobalSection
	GlobalSection(SolutionProperties) = preSolution
		HideSolutionNode = FALSE
	EndGlobalSection
EndGlobal
