
Microsoft Visual Studio Solution File, Format Version 12.00
# Visual Studio 2013
VisualStudioVersion = 12.0.21005.1
MinimumVisualStudioVersion = 10.0.40219.1
Project("{FAE04EC0-301F-11D3-BF4B-00C04F79EFBC}") = "01.ReturnLastDigitAsWord", "ReturnLastDigitAsWord\01.ReturnLastDigitAsWord.csproj", "{D23BC47B-8EDF-466B-B14D-032615238703}"
EndProject
Project("{FAE04EC0-301F-11D3-BF4B-00C04F79EFBC}") = "02.ReverseDigits", "02.ReverseDigits\02.ReverseDigits.csproj", "{B21A4E53-1290-40E3-8F26-DB017CEC3635}"
EndProject
Project("{FAE04EC0-301F-11D3-BF4B-00C04F79EFBC}") = "03.FindWord", "03.FindWord\03.FindWord.csproj", "{2CB1606C-4734-4081-9543-BCBB407D1043}"
EndProject
Project("{FAE04EC0-301F-11D3-BF4B-00C04F79EFBC}") = "04.GetNumberOfDivs", "04.GetNumberOfDivs\04.GetNumberOfDivs.csproj", "{2A4F1131-DFD5-4207-AF40-110C7F105C31}"
EndProject
Project("{FAE04EC0-301F-11D3-BF4B-00C04F79EFBC}") = "05.CountNumberInArray", "05.CountNumberInArray\05.CountNumberInArray.csproj", "{894D0333-7357-4285-A1A6-57C6FBF89F9A}"
EndProject
Project("{FAE04EC0-301F-11D3-BF4B-00C04F79EFBC}") = "06.CompareWithNeightbours", "06.CompareWithNeightbours\06.CompareWithNeightbours.csproj", "{C18B4B07-1BF4-4D12-9A17-BD4C214257D0}"
EndProject
Project("{FAE04EC0-301F-11D3-BF4B-00C04F79EFBC}") = "07.GetIndexIfBigger", "07.GetIndexIfBigger\07.GetIndexIfBigger.csproj", "{2A4E6E77-E4BD-43C4-A517-EE6FEAFB4750}"
EndProject
Global
	GlobalSection(SolutionConfigurationPlatforms) = preSolution
		Debug|Any CPU = Debug|Any CPU
		Release|Any CPU = Release|Any CPU
	EndGlobalSection
	GlobalSection(ProjectConfigurationPlatforms) = postSolution
		{D23BC47B-8EDF-466B-B14D-032615238703}.Debug|Any CPU.ActiveCfg = Debug|Any CPU
		{D23BC47B-8EDF-466B-B14D-032615238703}.Debug|Any CPU.Build.0 = Debug|Any CPU
		{D23BC47B-8EDF-466B-B14D-032615238703}.Release|Any CPU.ActiveCfg = Release|Any CPU
		{D23BC47B-8EDF-466B-B14D-032615238703}.Release|Any CPU.Build.0 = Release|Any CPU
		{B21A4E53-1290-40E3-8F26-DB017CEC3635}.Debug|Any CPU.ActiveCfg = Debug|Any CPU
		{B21A4E53-1290-40E3-8F26-DB017CEC3635}.Debug|Any CPU.Build.0 = Debug|Any CPU
		{B21A4E53-1290-40E3-8F26-DB017CEC3635}.Release|Any CPU.ActiveCfg = Release|Any CPU
		{B21A4E53-1290-40E3-8F26-DB017CEC3635}.Release|Any CPU.Build.0 = Release|Any CPU
		{2CB1606C-4734-4081-9543-BCBB407D1043}.Debug|Any CPU.ActiveCfg = Debug|Any CPU
		{2CB1606C-4734-4081-9543-BCBB407D1043}.Debug|Any CPU.Build.0 = Debug|Any CPU
		{2CB1606C-4734-4081-9543-BCBB407D1043}.Release|Any CPU.ActiveCfg = Release|Any CPU
		{2CB1606C-4734-4081-9543-BCBB407D1043}.Release|Any CPU.Build.0 = Release|Any CPU
		{2A4F1131-DFD5-4207-AF40-110C7F105C31}.Debug|Any CPU.ActiveCfg = Debug|Any CPU
		{2A4F1131-DFD5-4207-AF40-110C7F105C31}.Debug|Any CPU.Build.0 = Debug|Any CPU
		{2A4F1131-DFD5-4207-AF40-110C7F105C31}.Release|Any CPU.ActiveCfg = Release|Any CPU
		{2A4F1131-DFD5-4207-AF40-110C7F105C31}.Release|Any CPU.Build.0 = Release|Any CPU
		{894D0333-7357-4285-A1A6-57C6FBF89F9A}.Debug|Any CPU.ActiveCfg = Debug|Any CPU
		{894D0333-7357-4285-A1A6-57C6FBF89F9A}.Debug|Any CPU.Build.0 = Debug|Any CPU
		{894D0333-7357-4285-A1A6-57C6FBF89F9A}.Release|Any CPU.ActiveCfg = Release|Any CPU
		{894D0333-7357-4285-A1A6-57C6FBF89F9A}.Release|Any CPU.Build.0 = Release|Any CPU
		{C18B4B07-1BF4-4D12-9A17-BD4C214257D0}.Debug|Any CPU.ActiveCfg = Debug|Any CPU
		{C18B4B07-1BF4-4D12-9A17-BD4C214257D0}.Debug|Any CPU.Build.0 = Debug|Any CPU
		{C18B4B07-1BF4-4D12-9A17-BD4C214257D0}.Release|Any CPU.ActiveCfg = Release|Any CPU
		{C18B4B07-1BF4-4D12-9A17-BD4C214257D0}.Release|Any CPU.Build.0 = Release|Any CPU
		{2A4E6E77-E4BD-43C4-A517-EE6FEAFB4750}.Debug|Any CPU.ActiveCfg = Debug|Any CPU
		{2A4E6E77-E4BD-43C4-A517-EE6FEAFB4750}.Debug|Any CPU.Build.0 = Debug|Any CPU
		{2A4E6E77-E4BD-43C4-A517-EE6FEAFB4750}.Release|Any CPU.ActiveCfg = Release|Any CPU
		{2A4E6E77-E4BD-43C4-A517-EE6FEAFB4750}.Release|Any CPU.Build.0 = Release|Any CPU
	EndGlobalSection
	GlobalSection(SolutionProperties) = preSolution
		HideSolutionNode = FALSE
	EndGlobalSection
EndGlobal
